// !$*UTF8*$!
{
	archiveVersion = 1;
	classes = {
	};
	objectVersion = 48;
	objects = {

/* Begin PBXBuildFile section */
		B606BC201F5EB92A002555A2 /* AppDelegate.swift in Sources */ = {isa = PBXBuildFile; fileRef = B606BC1F1F5EB92A002555A2 /* AppDelegate.swift */; };
		B606BC221F5EB92A002555A2 /* art.scnassets in Resources */ = {isa = PBXBuildFile; fileRef = B606BC211F5EB92A002555A2 /* art.scnassets */; };
		B606BC241F5EB92A002555A2 /* ViewController.swift in Sources */ = {isa = PBXBuildFile; fileRef = B606BC231F5EB92A002555A2 /* ViewController.swift */; };
		B606BC271F5EB92A002555A2 /* Main.storyboard in Resources */ = {isa = PBXBuildFile; fileRef = B606BC251F5EB92A002555A2 /* Main.storyboard */; };
		B606BC291F5EB92A002555A2 /* Assets.xcassets in Resources */ = {isa = PBXBuildFile; fileRef = B606BC281F5EB92A002555A2 /* Assets.xcassets */; };
		B606BC2C1F5EB92A002555A2 /* LaunchScreen.storyboard in Resources */ = {isa = PBXBuildFile; fileRef = B606BC2A1F5EB92A002555A2 /* LaunchScreen.storyboard */; };
		B606BC341F5EBA0C002555A2 /* CubeNode.swift in Sources */ = {isa = PBXBuildFile; fileRef = B606BC331F5EBA0C002555A2 /* CubeNode.swift */; };
		B64866BB1F602259008A5158 /* Colors.swift in Sources */ = {isa = PBXBuildFile; fileRef = B64866BA1F602259008A5158 /* Colors.swift */; };
		B64866BF1F602C0A008A5158 /* colors.json in Resources */ = {isa = PBXBuildFile; fileRef = B64866BE1F602B76008A5158 /* colors.json */; };
		B6CB88CF1F62F79C00DCF98E /* ColorPickerView.swift in Sources */ = {isa = PBXBuildFile; fileRef = B6CB88CE1F62F79C00DCF98E /* ColorPickerView.swift */; };
/* End PBXBuildFile section */

/* Begin PBXFileReference section */
		83F11F74FB5310A36643D199 /* Pods_Cubes_Demo.framework */ = {isa = PBXFileReference; explicitFileType = wrapper.framework; includeInIndex = 0; path = Pods_Cubes_Demo.framework; sourceTree = BUILT_PRODUCTS_DIR; };
		B606BC1C1F5EB92A002555A2 /* CubesDemo.app */ = {isa = PBXFileReference; explicitFileType = wrapper.application; includeInIndex = 0; path = CubesDemo.app; sourceTree = BUILT_PRODUCTS_DIR; };
		B606BC1F1F5EB92A002555A2 /* AppDelegate.swift */ = {isa = PBXFileReference; lastKnownFileType = sourcecode.swift; path = AppDelegate.swift; sourceTree = "<group>"; };
		B606BC211F5EB92A002555A2 /* art.scnassets */ = {isa = PBXFileReference; lastKnownFileType = wrapper.scnassets; path = art.scnassets; sourceTree = "<group>"; };
		B606BC231F5EB92A002555A2 /* ViewController.swift */ = {isa = PBXFileReference; lastKnownFileType = sourcecode.swift; path = ViewController.swift; sourceTree = "<group>"; };
		B606BC261F5EB92A002555A2 /* Base */ = {isa = PBXFileReference; lastKnownFileType = file.storyboard; name = Base; path = Base.lproj/Main.storyboard; sourceTree = "<group>"; };
		B606BC281F5EB92A002555A2 /* Assets.xcassets */ = {isa = PBXFileReference; lastKnownFileType = folder.assetcatalog; path = Assets.xcassets; sourceTree = "<group>"; };
		B606BC2B1F5EB92A002555A2 /* Base */ = {isa = PBXFileReference; lastKnownFileType = file.storyboard; name = Base; path = Base.lproj/LaunchScreen.storyboard; sourceTree = "<group>"; };
		B606BC2D1F5EB92A002555A2 /* Info.plist */ = {isa = PBXFileReference; lastKnownFileType = text.plist.xml; path = Info.plist; sourceTree = "<group>"; };
		B606BC331F5EBA0C002555A2 /* CubeNode.swift */ = {isa = PBXFileReference; lastKnownFileType = sourcecode.swift; path = CubeNode.swift; sourceTree = "<group>"; };
		B64866BA1F602259008A5158 /* Colors.swift */ = {isa = PBXFileReference; lastKnownFileType = sourcecode.swift; path = Colors.swift; sourceTree = "<group>"; };
		B64866BE1F602B76008A5158 /* colors.json */ = {isa = PBXFileReference; lastKnownFileType = text.json; path = colors.json; sourceTree = "<group>"; };
		B6CB88CE1F62F79C00DCF98E /* ColorPickerView.swift */ = {isa = PBXFileReference; lastKnownFileType = sourcecode.swift; path = ColorPickerView.swift; sourceTree = "<group>"; };
/* End PBXFileReference section */

/* Begin PBXFrameworksBuildPhase section */
		B606BC191F5EB92A002555A2 /* Frameworks */ = {
			isa = PBXFrameworksBuildPhase;
			buildActionMask = 2147483647;
			files = (
			);
			runOnlyForDeploymentPostprocessing = 0;
		};
/* End PBXFrameworksBuildPhase section */

/* Begin PBXGroup section */
		63E2C0E9A06370478C4007DE /* Frameworks */ = {
			isa = PBXGroup;
			children = (
				83F11F74FB5310A36643D199 /* Pods_Cubes_Demo.framework */,
			);
			name = Frameworks;
			sourceTree = "<group>";
		};
		B606BC131F5EB92A002555A2 = {
			isa = PBXGroup;
			children = (
				B606BC1E1F5EB92A002555A2 /* Cubes Demo */,
				B64866BC1F60225D008A5158 /* Supporting Files */,
				B606BC1D1F5EB92A002555A2 /* Products */,
				63E2C0E9A06370478C4007DE /* Frameworks */,
			);
			sourceTree = "<group>";
		};
		B606BC1D1F5EB92A002555A2 /* Products */ = {
			isa = PBXGroup;
			children = (
				B606BC1C1F5EB92A002555A2 /* CubesDemo.app */,
			);
			name = Products;
			sourceTree = "<group>";
		};
		B606BC1E1F5EB92A002555A2 /* Cubes Demo */ = {
			isa = PBXGroup;
			children = (
				B64866BD1F60227E008A5158 /* Colors */,
				B606BC331F5EBA0C002555A2 /* CubeNode.swift */,
				B606BC231F5EB92A002555A2 /* ViewController.swift */,
				B606BC1F1F5EB92A002555A2 /* AppDelegate.swift */,
			);
			path = "Cubes Demo";
			sourceTree = "<group>";
		};
		B64866BC1F60225D008A5158 /* Supporting Files */ = {
			isa = PBXGroup;
			children = (
				B606BC2D1F5EB92A002555A2 /* Info.plist */,
				B606BC251F5EB92A002555A2 /* Main.storyboard */,
				B606BC2A1F5EB92A002555A2 /* LaunchScreen.storyboard */,
				B606BC281F5EB92A002555A2 /* Assets.xcassets */,
				B606BC211F5EB92A002555A2 /* art.scnassets */,
			);
			path = "Supporting Files";
			sourceTree = "<group>";
		};
		B64866BD1F60227E008A5158 /* Colors */ = {
			isa = PBXGroup;
			children = (
				B64866BE1F602B76008A5158 /* colors.json */,
				B64866BA1F602259008A5158 /* Colors.swift */,
				B6CB88CE1F62F79C00DCF98E /* ColorPickerView.swift */,
			);
			path = Colors;
			sourceTree = "<group>";
		};
/* End PBXGroup section */

/* Begin PBXNativeTarget section */
		B606BC1B1F5EB92A002555A2 /* CubesDemo */ = {
			isa = PBXNativeTarget;
			buildConfigurationList = B606BC301F5EB92A002555A2 /* Build configuration list for PBXNativeTarget "CubesDemo" */;
			buildPhases = (
				B606BC181F5EB92A002555A2 /* Sources */,
				B606BC191F5EB92A002555A2 /* Frameworks */,
				B606BC1A1F5EB92A002555A2 /* Resources */,
			);
			buildRules = (
			);
			dependencies = (
			);
			name = CubesDemo;
			productName = "Cubes Demo";
			productReference = B606BC1C1F5EB92A002555A2 /* CubesDemo.app */;
			productType = "com.apple.product-type.application";
		};
/* End PBXNativeTarget section */

/* Begin PBXProject section */
		B606BC141F5EB92A002555A2 /* Project object */ = {
			isa = PBXProject;
			attributes = {
				LastSwiftUpdateCheck = 0900;
				LastUpgradeCheck = 0900;
				ORGANIZATIONNAME = AdamovOleg;
				TargetAttributes = {
					B606BC1B1F5EB92A002555A2 = {
						CreatedOnToolsVersion = 9.0;
						ProvisioningStyle = Automatic;
					};
				};
			};
			buildConfigurationList = B606BC171F5EB92A002555A2 /* Build configuration list for PBXProject "CubesDemo" */;
			compatibilityVersion = "Xcode 8.0";
			developmentRegion = en;
			hasScannedForEncodings = 0;
			knownRegions = (
				en,
				Base,
			);
			mainGroup = B606BC131F5EB92A002555A2;
			productRefGroup = B606BC1D1F5EB92A002555A2 /* Products */;
			projectDirPath = "";
			projectRoot = "";
			targets = (
				B606BC1B1F5EB92A002555A2 /* CubesDemo */,
			);
		};
/* End PBXProject section */

/* Begin PBXResourcesBuildPhase section */
		B606BC1A1F5EB92A002555A2 /* Resources */ = {
			isa = PBXResourcesBuildPhase;
			buildActionMask = 2147483647;
			files = (
				B64866BF1F602C0A008A5158 /* colors.json in Resources */,
				B606BC221F5EB92A002555A2 /* art.scnassets in Resources */,
				B606BC2C1F5EB92A002555A2 /* LaunchScreen.storyboard in Resources */,
				B606BC291F5EB92A002555A2 /* Assets.xcassets in Resources */,
				B606BC271F5EB92A002555A2 /* Main.storyboard in Resources */,
			);
			runOnlyForDeploymentPostprocessing = 0;
		};
/* End PBXResourcesBuildPhase section */

/* Begin PBXSourcesBuildPhase section */
		B606BC181F5EB92A002555A2 /* Sources */ = {
			isa = PBXSourcesBuildPhase;
			buildActionMask = 2147483647;
			files = (
				B606BC241F5EB92A002555A2 /* ViewController.swift in Sources */,
				B64866BB1F602259008A5158 /* Colors.swift in Sources */,
				B606BC341F5EBA0C002555A2 /* CubeNode.swift in Sources */,
				B606BC201F5EB92A002555A2 /* AppDelegate.swift in Sources */,
				B6CB88CF1F62F79C00DCF98E /* ColorPickerView.swift in Sources */,
			);
			runOnlyForDeploymentPostprocessing = 0;
		};
/* End PBXSourcesBuildPhase section */

/* Begin PBXVariantGroup section */
		B606BC251F5EB92A002555A2 /* Main.storyboard */ = {
			isa = PBXVariantGroup;
			children = (
				B606BC261F5EB92A002555A2 /* Base */,
			);
			name = Main.storyboard;
			sourceTree = "<group>";
		};
		B606BC2A1F5EB92A002555A2 /* LaunchScreen.storyboard */ = {
			isa = PBXVariantGroup;
			children = (
				B606BC2B1F5EB92A002555A2 /* Base */,
			);
			name = LaunchScreen.storyboard;
			sourceTree = "<group>";
		};
/* End PBXVariantGroup section */

/* Begin XCBuildConfiguration section */
		B606BC2E1F5EB92A002555A2 /* Debug */ = {
			isa = XCBuildConfiguration;
			buildSettings = {
				ALWAYS_SEARCH_USER_PATHS = NO;
				CLANG_ANALYZER_NONNULL = YES;
				CLANG_ANALYZER_NUMBER_OBJECT_CONVERSION = YES_AGGRESSIVE;
				CLANG_CXX_LANGUAGE_STANDARD = "gnu++14";
				CLANG_CXX_LIBRARY = "libc++";
				CLANG_ENABLE_MODULES = YES;
				CLANG_ENABLE_OBJC_ARC = YES;
				CLANG_WARN_BLOCK_CAPTURE_AUTORELEASING = YES;
				CLANG_WARN_BOOL_CONVERSION = YES;
				CLANG_WARN_COMMA = YES;
				CLANG_WARN_CONSTANT_CONVERSION = YES;
				CLANG_WARN_DIRECT_OBJC_ISA_USAGE = YES_ERROR;
				CLANG_WARN_DOCUMENTATION_COMMENTS = YES;
				CLANG_WARN_EMPTY_BODY = YES;
				CLANG_WARN_ENUM_CONVERSION = YES;
				CLANG_WARN_INFINITE_RECURSION = YES;
				CLANG_WARN_INT_CONVERSION = YES;
				CLANG_WARN_NON_LITERAL_NULL_CONVERSION = YES;
				CLANG_WARN_OBJC_LITERAL_CONVERSION = YES;
				CLANG_WARN_OBJC_ROOT_CLASS = YES_ERROR;
				CLANG_WARN_RANGE_LOOP_ANALYSIS = YES;
				CLANG_WARN_STRICT_PROTOTYPES = YES;
				CLANG_WARN_SUSPICIOUS_MOVE = YES;
				CLANG_WARN_UNGUARDED_AVAILABILITY = YES_AGGRESSIVE;
				CLANG_WARN_UNREACHABLE_CODE = YES;
				CLANG_WARN__DUPLICATE_METHOD_MATCH = YES;
				CODE_SIGN_IDENTITY = "iPhone Developer";
				COPY_PHASE_STRIP = NO;
				DEBUG_INFORMATION_FORMAT = dwarf;
				ENABLE_STRICT_OBJC_MSGSEND = YES;
				ENABLE_TESTABILITY = YES;
				GCC_C_LANGUAGE_STANDARD = gnu11;
				GCC_DYNAMIC_NO_PIC = NO;
				GCC_NO_COMMON_BLOCKS = YES;
				GCC_OPTIMIZATION_LEVEL = 0;
				GCC_PREPROCESSOR_DEFINITIONS = (
					"DEBUG=1",
					"$(inherited)",
				);
				GCC_WARN_64_TO_32_BIT_CONVERSION = YES;
				GCC_WARN_ABOUT_RETURN_TYPE = YES_ERROR;
				GCC_WARN_UNDECLARED_SELECTOR = YES;
				GCC_WARN_UNINITIALIZED_AUTOS = YES_AGGRESSIVE;
				GCC_WARN_UNUSED_FUNCTION = YES;
				GCC_WARN_UNUSED_VARIABLE = YES;
				IPHONEOS_DEPLOYMENT_TARGET = 11.0;
				MTL_ENABLE_DEBUG_INFO = YES;
				ONLY_ACTIVE_ARCH = YES;
				SDKROOT = iphoneos;
				SWIFT_ACTIVE_COMPILATION_CONDITIONS = DEBUG;
				SWIFT_OPTIMIZATION_LEVEL = "-Onone";
			};
			name = Debug;
		};
		B606BC2F1F5EB92A002555A2 /* Release */ = {
			isa = XCBuildConfiguration;
			buildSettings = {
				ALWAYS_SEARCH_USER_PATHS = NO;
				CLANG_ANALYZER_NONNULL = YES;
				CLANG_ANALYZER_NUMBER_OBJECT_CONVERSION = YES_AGGRESSIVE;
				CLANG_CXX_LANGUAGE_STANDARD = "gnu++14";
				CLANG_CXX_LIBRARY = "libc++";
				CLANG_ENABLE_MODULES = YES;
				CLANG_ENABLE_OBJC_ARC = YES;
				CLANG_WARN_BLOCK_CAPTURE_AUTORELEASING = YES;
				CLANG_WARN_BOOL_CONVERSION = YES;
				CLANG_WARN_COMMA = YES;
				CLANG_WARN_CONSTANT_CONVERSION = YES;
				CLANG_WARN_DIRECT_OBJC_ISA_USAGE = YES_ERROR;
				CLANG_WARN_DOCUMENTATION_COMMENTS = YES;
				CLANG_WARN_EMPTY_BODY = YES;
				CLANG_WARN_ENUM_CONVERSION = YES;
				CLANG_WARN_INFINITE_RECURSION = YES;
				CLANG_WARN_INT_CONVERSION = YES;
				CLANG_WARN_NON_LITERAL_NULL_CONVERSION = YES;
				CLANG_WARN_OBJC_LITERAL_CONVERSION = YES;
				CLANG_WARN_OBJC_ROOT_CLASS = YES_ERROR;
				CLANG_WARN_RANGE_LOOP_ANALYSIS = YES;
				CLANG_WARN_STRICT_PROTOTYPES = YES;
				CLANG_WARN_SUSPICIOUS_MOVE = YES;
				CLANG_WARN_UNGUARDED_AVAILABILITY = YES_AGGRESSIVE;
				CLANG_WARN_UNREACHABLE_CODE = YES;
				CLANG_WARN__DUPLICATE_METHOD_MATCH = YES;
				CODE_SIGN_IDENTITY = "iPhone Developer";
				COPY_PHASE_STRIP = NO;
				DEBUG_INFORMATION_FORMAT = "dwarf-with-dsym";
				ENABLE_NS_ASSERTIONS = NO;
				ENABLE_STRICT_OBJC_MSGSEND = YES;
				GCC_C_LANGUAGE_STANDARD = gnu11;
				GCC_NO_COMMON_BLOCKS = YES;
				GCC_WARN_64_TO_32_BIT_CONVERSION = YES;
				GCC_WARN_ABOUT_RETURN_TYPE = YES_ERROR;
				GCC_WARN_UNDECLARED_SELECTOR = YES;
				GCC_WARN_UNINITIALIZED_AUTOS = YES_AGGRESSIVE;
				GCC_WARN_UNUSED_FUNCTION = YES;
				GCC_WARN_UNUSED_VARIABLE = YES;
				IPHONEOS_DEPLOYMENT_TARGET = 11.0;
				MTL_ENABLE_DEBUG_INFO = NO;
				SDKROOT = iphoneos;
				SWIFT_OPTIMIZATION_LEVEL = "-Owholemodule";
				VALIDATE_PRODUCT = YES;
			};
			name = Release;
		};
		B606BC311F5EB92A002555A2 /* Debug */ = {
			isa = XCBuildConfiguration;
			buildSettings = {
				ASSETCATALOG_COMPILER_APPICON_NAME = AppIcon;
				CODE_SIGN_STYLE = Automatic;
				DEVELOPMENT_TEAM = KD9PQ46B2N;
				INFOPLIST_FILE = "$(SRCROOT)/Supporting Files/Info.plist";
				LD_RUNPATH_SEARCH_PATHS = "$(inherited) @executable_path/Frameworks";
				PRODUCT_BUNDLE_IDENTIFIER = "adamov.oleg.Cubes-Demo";
				PRODUCT_NAME = "$(TARGET_NAME)";
				SWIFT_VERSION = 4.0;
				TARGETED_DEVICE_FAMILY = "1,2";
			};
			name = Debug;
		};
		B606BC321F5EB92A002555A2 /* Release */ = {
			isa = XCBuildConfiguration;
			buildSettings = {
				ASSETCATALOG_COMPILER_APPICON_NAME = AppIcon;
				CODE_SIGN_STYLE = Automatic;
				DEVELOPMENT_TEAM = KD9PQ46B2N;
				INFOPLIST_FILE = "$(SRCROOT)/Supporting Files/Info.plist";
				LD_RUNPATH_SEARCH_PATHS = "$(inherited) @executable_path/Frameworks";
				PRODUCT_BUNDLE_IDENTIFIER = "adamov.oleg.Cubes-Demo";
				PRODUCT_NAME = "$(TARGET_NAME)";
				SWIFT_VERSION = 4.0;
				TARGETED_DEVICE_FAMILY = "1,2";
			};
			name = Release;
		};
/* End XCBuildConfiguration section */

/* Begin XCConfigurationList section */
		B606BC171F5EB92A002555A2 /* Build configuration list for PBXProject "CubesDemo" */ = {
			isa = XCConfigurationList;
			buildConfigurations = (
				B606BC2E1F5EB92A002555A2 /* Debug */,
				B606BC2F1F5EB92A002555A2 /* Release */,
			);
			defaultConfigurationIsVisible = 0;
			defaultConfigurationName = Release;
		};
		B606BC301F5EB92A002555A2 /* Build configuration list for PBXNativeTarget "CubesDemo" */ = {
			isa = XCConfigurationList;
			buildConfigurations = (
				B606BC311F5EB92A002555A2 /* Debug */,
				B606BC321F5EB92A002555A2 /* Release */,
			);
			defaultConfigurationIsVisible = 0;
			defaultConfigurationName = Release;
		};
/* End XCConfigurationList section */
	};
	rootObject = B606BC141F5EB92A002555A2 /* Project object */;
}
